<?xml version="1.0" encoding="utf-8"?>
<Project ToolsVersion="4.0" xmlns="http://schemas.microsoft.com/developer/msbuild/2003">
  <ItemGroup>
    <ClCompile Include="main.cpp" />
    <ClCompile Include="Audio.cpp">
      <Filter>Core\Audio</Filter>
    </ClCompile>
    <ClCompile Include="Graphics.cpp">
      <Filter>Core\GUI\Graphics</Filter>
    </ClCompile>
  </ItemGroup>
  <ItemGroup>
    <Text Include="ReadMe.txt" />
  </ItemGroup>
  <ItemGroup>
    <Filter Include="Core">
      <UniqueIdentifier>{73ccec74-cc82-4929-9cb6-986a56a843d4}</UniqueIdentifier>
    </Filter>
    <Filter Include="Core\Audio">
      <UniqueIdentifier>{281cec0a-c4ed-46e3-ab9c-e02f1884dd55}</UniqueIdentifier>
    </Filter>
    <Filter Include="Core\Utils">
      <UniqueIdentifier>{3347a25b-6b3d-4c98-a059-77e3225698b6}</UniqueIdentifier>
    </Filter>
    <Filter Include="Core\System">
      <UniqueIdentifier>{789a3c0f-04ef-4a34-94b4-b53cf852e242}</UniqueIdentifier>
    </Filter>
    <Filter Include="Core\GameObjects">
      <UniqueIdentifier>{ce3efe50-5ec7-4ced-80c8-a11edb28a1a0}</UniqueIdentifier>
    </Filter>
    <Filter Include="Core\GUI">
      <UniqueIdentifier>{642c6c79-27aa-4cdc-8098-f324e3d55e4b}</UniqueIdentifier>
    </Filter>
    <Filter Include="Core\GUI\Canvas">
      <UniqueIdentifier>{7183fa69-0530-4f11-b594-d1fbdc0819fc}</UniqueIdentifier>
    </Filter>
    <Filter Include="Default">
      <UniqueIdentifier>{efb78c85-a54f-4df7-8fa4-ed886df449a3}</UniqueIdentifier>
    </Filter>
    <Filter Include="Core\GUI\Graphics">
      <UniqueIdentifier>{5894f50f-ebc2-4a7c-8383-2c1f1cc7cd81}</UniqueIdentifier>
    </Filter>
    <Filter Include="Core\LevelManager">
      <UniqueIdentifier>{7a3440a8-5a40-447b-92cf-2e09e502dfd0}</UniqueIdentifier>
    </Filter>
  </ItemGroup>
  <ItemGroup>
    <ClInclude Include="GameObject.hpp">
      <Filter>Core\GameObjects</Filter>
    </ClInclude>
    <ClInclude Include="Audio.hpp">
      <Filter>Core\Audio</Filter>
    </ClInclude>
    <ClInclude Include="Level.hpp">
      <Filter>Core\LevelManager</Filter>
    </ClInclude>
    <ClInclude Include="Core.hpp">
      <Filter>Core\System</Filter>
    </ClInclude>
    <ClInclude Include="Settings.hpp">
      <Filter>Core\System</Filter>
    </ClInclude>
    <ClInclude Include="HelperWindow.hpp">
      <Filter>Core\Utils</Filter>
    </ClInclude>
    <ClInclude Include="LevelManager.hpp">
      <Filter>Core\LevelManager</Filter>
    </ClInclude>
    <ClInclude Include="Canvas.hpp">
      <Filter>Core\GUI\Canvas</Filter>
    </ClInclude>
    <ClInclude Include="GameObjectsDefault.hpp">
      <Filter>Default</Filter>
    </ClInclude>
    <ClInclude Include="SGPE.hpp">
      <Filter>Core</Filter>
    </ClInclude>
    <ClInclude Include="Graphics.hpp">
      <Filter>Core\GUI\Graphics</Filter>
    </ClInclude>
  </ItemGroup>
</Project>